
Microsoft Visual Studio Solution File, Format Version 12.00
# Visual Studio Version 17
VisualStudioVersion = 17.10.35027.167
MinimumVisualStudioVersion = 10.0.40219.1
Project("{FAE04EC0-301F-11D3-BF4B-00C04F79EFBC}") = "CbtAdminPanel", "CbtAdminPanel.csproj", "{18DE16D5-371E-46D5-948F-740B846C4DC9}"
EndProject
Global
	GlobalSection(SolutionConfigurationPlatforms) = preSolution
		Debug|Any CPU = Debug|Any CPU
		Release|Any CPU = Release|Any CPU
	EndGlobalSection
	GlobalSection(ProjectConfigurationPlatforms) = postSolution
		{18DE16D5-371E-46D5-948F-740B846C4DC9}.Debug|Any CPU.ActiveCfg = Debug|Any CPU
		{18DE16D5-371E-46D5-948F-740B846C4DC9}.Debug|Any CPU.Build.0 = Debug|Any CPU
		{18DE16D5-371E-46D5-948F-740B846C4DC9}.Release|Any CPU.ActiveCfg = Release|Any CPU
		{18DE16D5-371E-46D5-948F-740B846C4DC9}.Release|Any CPU.Build.0 = Release|Any CPU
	EndGlobalSection
	GlobalSection(SolutionProperties) = preSolution
		HideSolutionNode = FALSE
	EndGlobalSection
	GlobalSection(ExtensibilityGlobals) = postSolution
		SolutionGuid = {2DB394F1-AC4B-4983-968B-18CC9CE4436D}
	EndGlobalSection
EndGlobal
